
Microsoft Visual Studio Solution File, Format Version 12.00
# Visual Studio Version 16
VisualStudioVersion = 16.0.29613.14
MinimumVisualStudioVersion = 10.0.40219.1
Project("{FAE04EC0-301F-11D3-BF4B-00C04F79EFBC}") = "SupplierRating_BL", "SupplierRating_BL\SupplierRating_BL.csproj", "{37951A9E-49F1-4203-BB21-C17985DB7599}"
EndProject
Project("{9A19103F-16F7-4668-BE54-9A1E7A4F7556}") = "SupplierRatingPredictionML.Model", "SupplierRatingPredictionML.Model\SupplierRatingPredictionML.Model.csproj", "{66A908AA-7EC1-43B8-8FF1-C4DEBAED3ABB}"
EndProject
Project("{9A19103F-16F7-4668-BE54-9A1E7A4F7556}") = "SupplierRatingPredictionML.ConsoleApp", "SupplierRatingPredictionML.ConsoleApp\SupplierRatingPredictionML.ConsoleApp.csproj", "{D39ACB53-F27F-4268-98AF-1F1CB40C033A}"
EndProject
Project("{FAE04EC0-301F-11D3-BF4B-00C04F79EFBC}") = "SupplierRatingPrediction_UI", "SupplierRatingPrediction_UI\SupplierRatingPrediction_UI.csproj", "{6AFB5A32-0479-4A6B-B6A7-16A4F8A41BBB}"
EndProject
Global
	GlobalSection(SolutionConfigurationPlatforms) = preSolution
		Debug|Any CPU = Debug|Any CPU
		Release|Any CPU = Release|Any CPU
	EndGlobalSection
	GlobalSection(ProjectConfigurationPlatforms) = postSolution
		{37951A9E-49F1-4203-BB21-C17985DB7599}.Debug|Any CPU.ActiveCfg = Debug|Any CPU
		{37951A9E-49F1-4203-BB21-C17985DB7599}.Debug|Any CPU.Build.0 = Debug|Any CPU
		{37951A9E-49F1-4203-BB21-C17985DB7599}.Release|Any CPU.ActiveCfg = Release|Any CPU
		{37951A9E-49F1-4203-BB21-C17985DB7599}.Release|Any CPU.Build.0 = Release|Any CPU
		{66A908AA-7EC1-43B8-8FF1-C4DEBAED3ABB}.Debug|Any CPU.ActiveCfg = Debug|Any CPU
		{66A908AA-7EC1-43B8-8FF1-C4DEBAED3ABB}.Debug|Any CPU.Build.0 = Debug|Any CPU
		{66A908AA-7EC1-43B8-8FF1-C4DEBAED3ABB}.Release|Any CPU.ActiveCfg = Release|Any CPU
		{66A908AA-7EC1-43B8-8FF1-C4DEBAED3ABB}.Release|Any CPU.Build.0 = Release|Any CPU
		{D39ACB53-F27F-4268-98AF-1F1CB40C033A}.Debug|Any CPU.ActiveCfg = Debug|Any CPU
		{D39ACB53-F27F-4268-98AF-1F1CB40C033A}.Debug|Any CPU.Build.0 = Debug|Any CPU
		{D39ACB53-F27F-4268-98AF-1F1CB40C033A}.Release|Any CPU.ActiveCfg = Release|Any CPU
		{D39ACB53-F27F-4268-98AF-1F1CB40C033A}.Release|Any CPU.Build.0 = Release|Any CPU
		{6AFB5A32-0479-4A6B-B6A7-16A4F8A41BBB}.Debug|Any CPU.ActiveCfg = Debug|Any CPU
		{6AFB5A32-0479-4A6B-B6A7-16A4F8A41BBB}.Debug|Any CPU.Build.0 = Debug|Any CPU
		{6AFB5A32-0479-4A6B-B6A7-16A4F8A41BBB}.Release|Any CPU.ActiveCfg = Release|Any CPU
		{6AFB5A32-0479-4A6B-B6A7-16A4F8A41BBB}.Release|Any CPU.Build.0 = Release|Any CPU
	EndGlobalSection
	GlobalSection(SolutionProperties) = preSolution
		HideSolutionNode = FALSE
	EndGlobalSection
	GlobalSection(ExtensibilityGlobals) = postSolution
		SolutionGuid = {8394ED9C-03DB-4158-8DB7-A0C0030C5EA6}
	EndGlobalSection
EndGlobal
